{
    "_readme": [
        "This file locks the dependencies of your project to a known state",
        "Read more about it at http://getcomposer.org/doc/01-basic-usage.md#composer-lock-the-lock-file",
        "This file is @generated automatically"
    ],
    "hash": "9ca7163fbf6bd0925a42bc08f08932f8",
    "packages": [
        {
            "name": "cjsaylor/libdomain",
            "version": "2.0.0",
            "source": {
                "type": "git",
                "url": "https://github.com/cjsaylor/libdomain.git",
                "reference": "8a0748714faaf23d5849ea27ee4f0a264f508e95"
            },
            "dist": {
                "type": "zip",
                "url": "https://api.github.com/repos/cjsaylor/libdomain/zipball/8a0748714faaf23d5849ea27ee4f0a264f508e95",
                "reference": "8a0748714faaf23d5849ea27ee4f0a264f508e95",
                "shasum": ""
            },
            "require": {
                "php": ">=5.4"
            },
            "require-dev": {
                "phpunit/phpunit": "~4.0.0"
            },
            "type": "library",
            "autoload": {
                "psr-4": {
                    "Cjsaylor\\Domain\\": "src/",
                    "Cjsaylor\\Test\\Domain\\": "tests/"
                }
            },
            "notification-url": "https://packagist.org/downloads/",
            "license": [
                "MIT"
            ],
            "authors": [
                {
                    "name": "Chris Saylor",
                    "email": "cjsaylor@gmail.com"
                }
            ],
            "description": "PHP classes and traits to facilitate domain driven design.",
            "time": "2014-08-28 02:51:10"
        },
        {
            "name": "cocur/slugify",
            "version": "v0.8",
            "source": {
                "type": "git",
                "url": "https://github.com/cocur/slugify.git",
                "reference": "2b6df626d1958200b8ee059aea01d52c3b658024"
            },
            "dist": {
                "type": "zip",
                "url": "https://api.github.com/repos/cocur/slugify/zipball/2b6df626d1958200b8ee059aea01d52c3b658024",
                "reference": "2b6df626d1958200b8ee059aea01d52c3b658024",
                "shasum": ""
            },
            "require": {
                "php": ">=5.3.3"
            },
            "require-dev": {
                "mockery/mockery": "~0.9",
                "phpunit/phpunit": "~3.7",
                "satooshi/php-coveralls": "dev-master",
                "silex/silex": "~1.2",
                "symfony/dependency-injection": "~2.4",
                "symfony/http-kernel": "~2.4",
                "twig/twig": "~1"
            },
            "type": "library",
            "autoload": {
                "psr-4": {
                    "Cocur\\Slugify\\": "src"
                }
            },
            "notification-url": "https://packagist.org/downloads/",
            "license": [
                "MIT"
            ],
            "authors": [
                {
                    "name": "Ivo Bathke",
                    "email": "ivo.bathke@gmail.com"
                },
                {
                    "name": "Florian Eckerstorfer",
                    "email": "florian@eckerstorfer.co",
                    "homepage": "http://florian.ec",
                    "role": "Developer"
                }
            ],
            "description": "Converts a string into a slug.",
            "keywords": [
                "slug",
                "slugify"
            ],
            "time": "2014-04-18 11:01:23"
        },
        {
            "name": "roave/security-advisories",
            "version": "dev-master",
            "source": {
                "type": "git",
                "url": "https://github.com/Roave/SecurityAdvisories.git",
                "reference": "fb895af1cf8b4cf77f9154277a90e7b8e6132017"
            },
            "dist": {
                "type": "zip",
                "url": "https://api.github.com/repos/Roave/SecurityAdvisories/zipball/fb895af1cf8b4cf77f9154277a90e7b8e6132017",
                "reference": "fb895af1cf8b4cf77f9154277a90e7b8e6132017",
                "shasum": ""
            },
            "conflict": {
                "doctrine/dbal": ">=2.0.0,<2.0.8|>=2.1.0,<2.1.2",
                "doctrine/doctrine-module": "<=0.7.1|<=0.7.1",
                "doctrine/orm": ">=2.0.0,<2.0.3",
                "dompdf/dompdf": ">=0.6.0,<0.6.1",
                "friendsofsymfony/rest-bundle": ">=1.2.0,<1.2.2",
                "friendsofsymfony/user-bundle": ">=1.2.0,<1.2.1|>=1.2.0,<1.2.4|>=1.2.0,<1.3.0|>=1.3.0,<1.3.5|>=1.2.0,<1.2.5|>=1.3.0,<1.3.3",
                "illuminate/auth": ">=4.0.0,<4.0.99|>=4.1.0,<4.1.26",
                "illuminate/database": ">=4.0.0,<4.0.99|>=4.1.0,<4.1.29",
                "laravel/framework": ">=4.0.0,<4.0.99|>=4.1.0,<4.1.26|>=4.0.0,<4.0.99|>=4.1.0,<4.1.29",
                "sabre/dav": ">=1.6.0,<1.6.9|>=1.7.0,<1.7.7|>=1.8.0,<1.8.5",
                "swiftmailer/swiftmailer": ">=4.0.0,<4.99.99|>=5.0.0,<5.2.1",
                "symfony/dependency-injection": ">=2.0.0,<2.0.17",
                "symfony/framework-bundle": ">=2.0.0,<2.1.0|>=2.1.0,<2.2.0|>=2.2.0,<2.3.0|>=2.3.0,<2.3.18|>=2.4.0,<2.4.8|>=2.5.0,<2.5.2",
                "symfony/http-foundation": ">=2.0.0,<2.0.19|>=2.1.0,<2.1.4|>=2.0.0,<2.0.19|>=2.0.0,<2.0.24|>=2.1.0,<2.1.12|>=2.2.0,<2.2.5|>=2.3.0,<2.3.3|>=2.0.0,<2.1.0|>=2.1.0,<2.2.0|>=2.2.0,<2.3.0|>=2.3.0,<2.3.19|>=2.4.0,<2.4.9|>=2.5.0,<2.5.4|>=2.0.0,<2.1.0|>=2.1.0,<2.2.0|>=2.2.0,<2.3.0|>=2.3.0,<2.3.19|>=2.4.0,<2.4.9|>=2.5.0,<2.5.4",
                "symfony/http-kernel": ">=2.0.0,<2.1.0|>=2.1.0,<2.2.0|>=2.2.0,<2.3.0|>=2.3.0,<2.3.19|>=2.4.0,<2.4.9|>=2.5.0,<2.5.4",
                "symfony/routing": ">=2.0.0,<2.0.17|>=2.0.0,<2.0.19",
                "symfony/security": ">=2.0.0,<2.0.19|>=2.0.0,<2.0.25|>=2.1.0,<2.1.13|>=2.2.0,<2.2.9|>=2.3.0,<2.3.6",
                "symfony/serializer": ">=2.0.0,<2.0.11",
                "symfony/symfony": ">=2.0.0,<2.0.6|>=2.0.0,<2.0.11|>=2.0.0,<2.0.17|>=2.0.0,<2.0.19|>=2.1.0,<2.1.4|>=2.0.0,<2.0.19|>=2.0.0,<2.0.20|>=2.1.0,<2.1.5|>=2.0.0,<2.0.22|>=2.0.0,<2.0.22|>=2.1.0,<2.1.7|>=2.0.0,<2.0.24|>=2.1.0,<2.1.12|>=2.2.0,<2.2.5|>=2.3.0,<2.3.3|>=2.0.0,<2.0.24|>=2.1.0,<2.1.12|>=2.2.0,<2.2.5|>=2.3.0,<2.3.3|>=2.0.0,<2.0.25|>=2.1.0,<2.1.13|>=2.2.0,<2.2.9|>=2.3.0,<2.3.6|>=2.0.0,<2.1.0|>=2.1.0,<2.2.0|>=2.2.0,<2.3.0|>=2.3.0,<2.3.19|>=2.4.0,<2.4.9|>=2.5.0,<2.5.4|>=2.0.0,<2.1.0|>=2.1.0,<2.2.0|>=2.2.0,<2.3.0|>=2.3.0,<2.3.19|>=2.4.0,<2.4.9|>=2.5.0,<2.5.4|>=2.0.0,<2.1.0|>=2.1.0,<2.2.0|>=2.2.0,<2.3.0|>=2.3.0,<2.3.19|>=2.4.0,<2.4.9|>=2.5.0,<2.5.4|>=2.0.0,<2.1.0|>=2.1.0,<2.2.0|>=2.2.0,<2.3.0|>=2.3.0,<2.3.19|>=2.4.0,<2.4.9|>=2.5.0,<2.5.4|>=2.0.0,<2.1.0|>=2.1.0,<2.2.0|>=2.2.0,<2.3.0|>=2.3.0,<2.3.19|>=2.4.0,<2.4.9|>=2.5.0,<2.5.4",
                "symfony/translation": ">=2.0.0,<2.0.17",
                "symfony/validator": ">=2.0.0,<2.0.17|>=2.0.0,<2.0.24|>=2.1.0,<2.1.12|>=2.2.0,<2.2.5|>=2.3.0,<2.3.3",
                "symfony/web-profiler-bundle": ">=2.0.0,<2.1.0|>=2.1.0,<2.2.0|>=2.2.0,<2.3.0|>=2.3.0,<2.3.19|>=2.4.0,<2.4.9|>=2.5.0,<2.5.4",
                "symfony/yaml": ">=2.0.0,<2.0.22|>=2.0.0,<2.0.22|>=2.1.0,<2.1.7",
                "twig/twig": ">=1.0.0,<1.12.3",
                "willdurand/js-translation-bundle": "<2.1.1",
                "yiisoft/yii": ">=1.1.14,<1.1.15",
                "zendframework/zend-form": ">=2.0.0,<2.2.7|>=2.3.0,<2.3.1",
                "zendframework/zend-json": ">=2.1.0,<2.1.6|>=2.2.0,<2.2.6",
                "zendframework/zend-navigation": ">=2.0.0,<2.2.7|>=2.3.0,<2.3.1",
                "zendframework/zend-view": ">=2.0.0,<2.2.7|>=2.3.0,<2.3.1",
                "zendframework/zend-xmlrpc": ">=2.1.0,<2.1.6|>=2.2.0,<2.2.6",
                "zendframework/zendframework": ">=2.0.0,<2.0.1|>=2.0.0,<2.0.5|>=2.0.0,<2.0.8|>=2.1.0,<2.1.4|>=2.0.0,<2.0.8|>=2.1.0,<2.1.4|>=2.0.0,<2.0.8|>=2.1.0,<2.1.4|>=2.2.0,<2.2.5|>=2.1.0,<2.1.6|>=2.2.0,<2.2.6|>=2.0.0,<2.2.7|>=2.3.0,<2.3.1|>=2.0.0,<2.0.99|>=2.1.0,<2.1.99|>=2.2.0,<2.2.8|>=2.3.0,<2.3.3|>=2.0.0,<2.0.99|>=2.1.0,<2.1.99|>=2.2.0,<2.2.8|>=2.3.0,<2.3.3",
                "zendframework/zendframework1": ">=1.7.0,<1.7.5|>=1.7.0,<1.7.6|>=1.9.0,<1.9.7|>=1.7.0,<1.7.9|>=1.8.0,<1.8.5|>=1.9.0,<1.9.7|>=1.7.0,<1.7.9|>=1.8.0,<1.8.5|>=1.9.0,<1.9.7|>=1.8.0,<1.8.5|>=1.9.0,<1.9.7|>=1.7.0,<1.7.9|>=1.8.0,<1.8.5|>=1.9.0,<1.9.7|>=1.7.0,<1.7.9|>=1.8.0,<1.8.5|>=1.9.0,<1.9.7|>=1.9.0,<1.9.8|>=1.10.0,<1.10.3|>=1.0.0,<1.11.4|>=1.10.0,<1.10.9|>=1.11.0,<1.11.6|>=1.0.0,<1.11.13|>=1.0.0,<1.11.13|>=1.11.0,<1.11.15|>=1.12.0,<1.12.1|>=1.12.0,<1.12.4|>=1.12.0,<1.12.4|>=1.12.0,<1.12.7|>=1.12.0,<1.12.9|>=1.12.0,<1.12.9",
                "zendframework/zendopenid": ">=2.0.0,<2.0.2",
                "zfr/zfr-oauth2-server-module": "<0.1.2"
            },
            "type": "metapackage",
            "notification-url": "https://packagist.org/downloads/",
            "license": [
                "MIT"
            ],
            "authors": [
                {
                    "name": "Marco Pivetta",
                    "email": "ocramius@gmail.com",
                    "role": "maintainer"
                }
            ],
            "description": "Prevents installation of composer packages with known security vulnerabilities: no API, simply require it",
            "time": "2014-12-14 19:07:00"
        },
        {
            "name": "symfony/translation",
            "version": "v2.6.1",
            "target-dir": "Symfony/Component/Translation",
            "source": {
                "type": "git",
                "url": "https://github.com/symfony/Translation.git",
                "reference": "5b8bf84a43317021849813f556f26dc35968156b"
            },
            "dist": {
                "type": "zip",
                "url": "https://api.github.com/repos/symfony/Translation/zipball/5b8bf84a43317021849813f556f26dc35968156b",
                "reference": "5b8bf84a43317021849813f556f26dc35968156b",
                "shasum": ""
            },
            "require": {
                "php": ">=5.3.3"
            },
            "require-dev": {
                "psr/log": "~1.0",
                "symfony/config": "~2.0",
                "symfony/intl": "~2.3",
                "symfony/yaml": "~2.2"
            },
            "suggest": {
                "psr/log": "To use logging capability in translator",
                "symfony/config": "",
                "symfony/yaml": ""
            },
            "type": "library",
            "extra": {
                "branch-alias": {
                    "dev-master": "2.6-dev"
                }
            },
            "autoload": {
                "psr-0": {
                    "Symfony\\Component\\Translation\\": ""
                }
            },
            "notification-url": "https://packagist.org/downloads/",
            "license": [
                "MIT"
            ],
            "authors": [
                {
                    "name": "Symfony Community",
                    "homepage": "http://symfony.com/contributors"
                },
                {
                    "name": "Fabien Potencier",
                    "email": "fabien@symfony.com"
                }
            ],
            "description": "Symfony Translation Component",
            "homepage": "http://symfony.com",
            "time": "2014-12-02 20:19:20"
        },
        {
            "name": "symfony/validator",
            "version": "v2.5.8",
            "target-dir": "Symfony/Component/Validator",
            "source": {
                "type": "git",
                "url": "https://github.com/symfony/Validator.git",
                "reference": "2c162b640dde427dc64a8f62dc6f58df58958b9d"
            },
            "dist": {
                "type": "zip",
                "url": "https://api.github.com/repos/symfony/Validator/zipball/2c162b640dde427dc64a8f62dc6f58df58958b9d",
                "reference": "2c162b640dde427dc64a8f62dc6f58df58958b9d",
                "shasum": ""
            },
            "require": {
                "php": ">=5.3.3",
                "symfony/translation": "~2.0"
            },
            "require-dev": {
                "doctrine/annotations": "~1.0",
                "doctrine/cache": "~1.0",
                "egulias/email-validator": "~1.0",
                "symfony/config": "~2.2",
                "symfony/expression-language": "~2.4",
                "symfony/http-foundation": "~2.1",
                "symfony/intl": "~2.3",
                "symfony/property-access": "~2.2",
                "symfony/yaml": "~2.0"
            },
            "suggest": {
                "doctrine/annotations": "For using the annotation mapping. You will also need doctrine/cache.",
                "doctrine/cache": "For using the default cached annotation reader and metadata cache.",
                "egulias/email-validator": "Strict (RFC compliant) email validation",
                "symfony/config": "",
                "symfony/expression-language": "For using the 2.4 Expression validator",
                "symfony/http-foundation": "",
                "symfony/intl": "",
                "symfony/property-access": "For using the 2.4 Validator API",
                "symfony/yaml": ""
            },
            "type": "library",
            "extra": {
                "branch-alias": {
                    "dev-master": "2.5-dev"
                }
            },
            "autoload": {
                "psr-0": {
                    "Symfony\\Component\\Validator\\": ""
                }
            },
            "notification-url": "https://packagist.org/downloads/",
            "license": [
                "MIT"
            ],
            "authors": [
                {
                    "name": "Symfony Community",
                    "homepage": "http://symfony.com/contributors"
                },
                {
                    "name": "Fabien Potencier",
                    "email": "fabien@symfony.com"
                }
            ],
            "description": "Symfony Validator Component",
            "homepage": "http://symfony.com",
            "time": "2014-12-02 20:15:53"
        }
    ],
    "packages-dev": [
        {
            "name": "doctrine/common",
            "version": "2.2.3",
            "source": {
                "type": "git",
                "url": "https://github.com/doctrine/common.git",
                "reference": "9e13facbacb001d324d71a0f6d25d8d7f12346b6"
            },
            "dist": {
                "type": "zip",
                "url": "https://api.github.com/repos/doctrine/common/zipball/9e13facbacb001d324d71a0f6d25d8d7f12346b6",
                "reference": "9e13facbacb001d324d71a0f6d25d8d7f12346b6",
                "shasum": ""
            },
            "require": {
                "php": ">=5.3.2"
            },
            "type": "library",
            "autoload": {
                "psr-0": {
                    "Doctrine\\Common": "lib/"
                }
            },
            "notification-url": "https://packagist.org/downloads/",
            "license": [
                "LGPL"
            ],
            "authors": [
                {
                    "name": "Jonathan Wage",
                    "email": "jonwage@gmail.com",
                    "homepage": "http://www.jwage.com/",
                    "role": "Creator"
                },
                {
                    "name": "Guilherme Blanco",
                    "email": "guilhermeblanco@gmail.com",
                    "homepage": "http://www.instaclick.com"
                },
                {
                    "name": "Roman Borschel",
                    "email": "roman@code-factory.org"
                },
                {
                    "name": "Benjamin Eberlei",
                    "email": "kontakt@beberlei.de"
                },
                {
                    "name": "Johannes Schmitt",
                    "email": "schmittjoh@gmail.com",
                    "homepage": "https://github.com/schmittjoh",
                    "role": "Developer of wrapped JMSSerializerBundle"
                }
            ],
            "description": "Common Library for Doctrine projects",
            "homepage": "http://www.doctrine-project.org",
            "keywords": [
                "annotations",
                "collections",
                "eventmanager",
                "persistence",
                "spl"
            ],
            "time": "2012-08-29 08:04:14"
        },
        {
            "name": "doctrine/dbal",
            "version": "2.2.2",
            "source": {
                "type": "git",
                "url": "https://github.com/doctrine/dbal.git",
                "reference": "ee8f64111d03df2dbf3c106214514fce4a9857ab"
            },
            "dist": {
                "type": "zip",
                "url": "https://api.github.com/repos/doctrine/dbal/zipball/ee8f64111d03df2dbf3c106214514fce4a9857ab",
                "reference": "ee8f64111d03df2dbf3c106214514fce4a9857ab",
                "shasum": ""
            },
            "require": {
                "doctrine/common": ">=2.2.0,<=2.2.99",
                "php": ">=5.3.2"
            },
            "type": "library",
            "autoload": {
                "psr-0": {
                    "Doctrine\\DBAL": "lib/"
                }
            },
            "notification-url": "https://packagist.org/downloads/",
            "license": [
                "LGPL"
            ],
            "authors": [
                {
                    "name": "Jonathan Wage",
                    "email": "jonwage@gmail.com",
                    "homepage": "http://www.jwage.com/",
                    "role": "Creator"
                },
                {
                    "name": "Guilherme Blanco",
                    "email": "guilhermeblanco@gmail.com",
                    "homepage": "http://www.instaclick.com"
                },
                {
                    "name": "Roman Borschel",
                    "email": "roman@code-factory.org"
                },
                {
                    "name": "Benjamin Eberlei",
                    "email": "kontakt@beberlei.de"
                }
            ],
            "description": "Database Abstraction Layer",
            "homepage": "http://www.doctrine-project.org",
            "keywords": [
                "database",
                "dbal",
                "persistence",
                "queryobject"
            ],
            "time": "2012-04-13 07:56:12"
        },
        {
            "name": "phpunit/dbunit",
            "version": "dev-master",
            "source": {
                "type": "git",
                "url": "https://github.com/sebastianbergmann/dbunit.git",
                "reference": "2fa1387413cf646ffb9fde2715c75cc22b544fb4"
            },
            "dist": {
                "type": "zip",
                "url": "https://api.github.com/repos/sebastianbergmann/dbunit/zipball/2fa1387413cf646ffb9fde2715c75cc22b544fb4",
                "reference": "2fa1387413cf646ffb9fde2715c75cc22b544fb4",
                "shasum": ""
            },
            "require": {
                "ext-pdo": "*",
                "ext-simplexml": "*",
                "php": ">=5.3.3",
                "phpunit/phpunit": "~3.7|~4.0",
                "symfony/yaml": "~2.1"
            },
            "bin": [
                "composer/bin/dbunit"
            ],
            "type": "library",
            "extra": {
                "branch-alias": {
                    "dev-master": "1.3.x-dev"
                }
            },
            "autoload": {
                "classmap": [
                    "PHPUnit/"
                ]
            },
            "notification-url": "https://packagist.org/downloads/",
            "include-path": [
                "",
                "../../symfony/yaml/"
            ],
            "license": [
                "BSD-3-Clause"
            ],
            "authors": [
                {
                    "name": "Sebastian Bergmann",
                    "email": "sb@sebastian-bergmann.de",
                    "role": "lead"
                }
            ],
            "description": "DbUnit port for PHP/PHPUnit to support database interaction testing.",
            "homepage": "https://github.com/sebastianbergmann/dbunit/",
            "keywords": [
                "database",
                "testing",
                "xunit"
            ],
            "time": "2014-11-06 14:05:43"
        },
        {
            "name": "phpunit/php-code-coverage",
            "version": "2.0.14",
            "source": {
                "type": "git",
                "url": "https://github.com/sebastianbergmann/php-code-coverage.git",
                "reference": "ca158276c1200cc27f5409a5e338486bc0b4fc94"
            },
            "dist": {
                "type": "zip",
                "url": "https://api.github.com/repos/sebastianbergmann/php-code-coverage/zipball/ca158276c1200cc27f5409a5e338486bc0b4fc94",
                "reference": "ca158276c1200cc27f5409a5e338486bc0b4fc94",
                "shasum": ""
            },
            "require": {
                "php": ">=5.3.3",
                "phpunit/php-file-iterator": "~1.3",
                "phpunit/php-text-template": "~1.2",
                "phpunit/php-token-stream": "~1.3",
                "sebastian/environment": "~1.0",
                "sebastian/version": "~1.0"
            },
            "require-dev": {
                "ext-xdebug": ">=2.1.4",
                "phpunit/phpunit": "~4.1"
            },
            "suggest": {
                "ext-dom": "*",
                "ext-xdebug": ">=2.2.1",
                "ext-xmlwriter": "*"
            },
            "type": "library",
            "extra": {
                "branch-alias": {
                    "dev-master": "2.0.x-dev"
                }
            },
            "autoload": {
                "classmap": [
                    "src/"
                ]
            },
            "notification-url": "https://packagist.org/downloads/",
            "include-path": [
                ""
            ],
            "license": [
                "BSD-3-Clause"
            ],
            "authors": [
                {
                    "name": "Sebastian Bergmann",
                    "email": "sb@sebastian-bergmann.de",
                    "role": "lead"
                }
            ],
            "description": "Library that provides collection, processing, and rendering functionality for PHP code coverage information.",
            "homepage": "https://github.com/sebastianbergmann/php-code-coverage",
            "keywords": [
                "coverage",
                "testing",
                "xunit"
            ],
            "time": "2014-12-26 13:28:33"
        },
        {
            "name": "phpunit/php-file-iterator",
            "version": "1.3.4",
            "source": {
                "type": "git",
                "url": "https://github.com/sebastianbergmann/php-file-iterator.git",
                "reference": "acd690379117b042d1c8af1fafd61bde001bf6bb"
            },
            "dist": {
                "type": "zip",
                "url": "https://api.github.com/repos/sebastianbergmann/php-file-iterator/zipball/acd690379117b042d1c8af1fafd61bde001bf6bb",
                "reference": "acd690379117b042d1c8af1fafd61bde001bf6bb",
                "shasum": ""
            },
            "require": {
                "php": ">=5.3.3"
            },
            "type": "library",
            "autoload": {
                "classmap": [
                    "File/"
                ]
            },
            "notification-url": "https://packagist.org/downloads/",
            "include-path": [
                ""
            ],
            "license": [
                "BSD-3-Clause"
            ],
            "authors": [
                {
                    "name": "Sebastian Bergmann",
                    "email": "sb@sebastian-bergmann.de",
                    "role": "lead"
                }
            ],
            "description": "FilterIterator implementation that filters files based on a list of suffixes.",
            "homepage": "https://github.com/sebastianbergmann/php-file-iterator/",
            "keywords": [
                "filesystem",
                "iterator"
            ],
            "time": "2013-10-10 15:34:57"
        },
        {
            "name": "phpunit/php-text-template",
            "version": "1.2.0",
            "source": {
                "type": "git",
                "url": "https://github.com/sebastianbergmann/php-text-template.git",
                "reference": "206dfefc0ffe9cebf65c413e3d0e809c82fbf00a"
            },
            "dist": {
                "type": "zip",
                "url": "https://api.github.com/repos/sebastianbergmann/php-text-template/zipball/206dfefc0ffe9cebf65c413e3d0e809c82fbf00a",
                "reference": "206dfefc0ffe9cebf65c413e3d0e809c82fbf00a",
                "shasum": ""
            },
            "require": {
                "php": ">=5.3.3"
            },
            "type": "library",
            "autoload": {
                "classmap": [
                    "Text/"
                ]
            },
            "notification-url": "https://packagist.org/downloads/",
            "include-path": [
                ""
            ],
            "license": [
                "BSD-3-Clause"
            ],
            "authors": [
                {
                    "name": "Sebastian Bergmann",
                    "email": "sb@sebastian-bergmann.de",
                    "role": "lead"
                }
            ],
            "description": "Simple template engine.",
            "homepage": "https://github.com/sebastianbergmann/php-text-template/",
            "keywords": [
                "template"
            ],
            "time": "2014-01-30 17:20:04"
        },
        {
            "name": "phpunit/php-timer",
            "version": "1.0.5",
            "source": {
                "type": "git",
                "url": "https://github.com/sebastianbergmann/php-timer.git",
                "reference": "19689d4354b295ee3d8c54b4f42c3efb69cbc17c"
            },
            "dist": {
                "type": "zip",
                "url": "https://api.github.com/repos/sebastianbergmann/php-timer/zipball/19689d4354b295ee3d8c54b4f42c3efb69cbc17c",
                "reference": "19689d4354b295ee3d8c54b4f42c3efb69cbc17c",
                "shasum": ""
            },
            "require": {
                "php": ">=5.3.3"
            },
            "type": "library",
            "autoload": {
                "classmap": [
                    "PHP/"
                ]
            },
            "notification-url": "https://packagist.org/downloads/",
            "include-path": [
                ""
            ],
            "license": [
                "BSD-3-Clause"
            ],
            "authors": [
                {
                    "name": "Sebastian Bergmann",
                    "email": "sb@sebastian-bergmann.de",
                    "role": "lead"
                }
            ],
            "description": "Utility class for timing",
            "homepage": "https://github.com/sebastianbergmann/php-timer/",
            "keywords": [
                "timer"
            ],
            "time": "2013-08-02 07:42:54"
        },
        {
            "name": "phpunit/php-token-stream",
            "version": "1.3.0",
            "source": {
                "type": "git",
                "url": "https://github.com/sebastianbergmann/php-token-stream.git",
                "reference": "f8d5d08c56de5cfd592b3340424a81733259a876"
            },
            "dist": {
                "type": "zip",
                "url": "https://api.github.com/repos/sebastianbergmann/php-token-stream/zipball/f8d5d08c56de5cfd592b3340424a81733259a876",
                "reference": "f8d5d08c56de5cfd592b3340424a81733259a876",
                "shasum": ""
            },
            "require": {
                "ext-tokenizer": "*",
                "php": ">=5.3.3"
            },
            "require-dev": {
                "phpunit/phpunit": "~4.2"
            },
            "type": "library",
            "extra": {
                "branch-alias": {
                    "dev-master": "1.3-dev"
                }
            },
            "autoload": {
                "classmap": [
                    "src/"
                ]
            },
            "notification-url": "https://packagist.org/downloads/",
            "license": [
                "BSD-3-Clause"
            ],
            "authors": [
                {
                    "name": "Sebastian Bergmann",
                    "email": "sebastian@phpunit.de"
                }
            ],
            "description": "Wrapper around PHP's tokenizer extension.",
            "homepage": "https://github.com/sebastianbergmann/php-token-stream/",
            "keywords": [
                "tokenizer"
            ],
            "time": "2014-08-31 06:12:13"
        },
        {
            "name": "phpunit/phpunit",
            "version": "4.0.20",
            "source": {
                "type": "git",
                "url": "https://github.com/sebastianbergmann/phpunit.git",
                "reference": "de121ce8708b7ac7f628603d7682d0d57f528345"
            },
            "dist": {
                "type": "zip",
                "url": "https://api.github.com/repos/sebastianbergmann/phpunit/zipball/de121ce8708b7ac7f628603d7682d0d57f528345",
                "reference": "de121ce8708b7ac7f628603d7682d0d57f528345",
                "shasum": ""
            },
            "require": {
                "ext-dom": "*",
                "ext-json": "*",
                "ext-pcre": "*",
                "ext-reflection": "*",
                "ext-spl": "*",
                "php": ">=5.3.3",
                "phpunit/php-code-coverage": ">=2.0.0,<2.1.0",
                "phpunit/php-file-iterator": "~1.3.1",
                "phpunit/php-text-template": "~1.2",
                "phpunit/php-timer": "~1.0.2",
                "phpunit/phpunit-mock-objects": ">=2.0.0,<2.1.0",
                "sebastian/diff": "~1.1",
                "sebastian/environment": "~1.0",
                "sebastian/exporter": "~1.0.1",
                "sebastian/version": "~1.0.3",
                "symfony/yaml": "~2.0"
            },
            "suggest": {
                "phpunit/php-invoker": "~1.1"
            },
            "bin": [
                "phpunit"
            ],
            "type": "library",
            "extra": {
                "branch-alias": {
                    "dev-master": "4.0.x-dev"
                }
            },
            "autoload": {
                "classmap": [
                    "src/"
                ]
            },
            "notification-url": "https://packagist.org/downloads/",
            "include-path": [
                "",
                "../../symfony/yaml/"
            ],
            "license": [
                "BSD-3-Clause"
            ],
            "authors": [
                {
                    "name": "Sebastian Bergmann",
                    "email": "sebastian@phpunit.de",
                    "role": "lead"
                }
            ],
            "description": "The PHP Unit Testing framework.",
            "homepage": "http://www.phpunit.de/",
            "keywords": [
                "phpunit",
                "testing",
                "xunit"
            ],
            "time": "2014-05-02 07:19:37"
        },
        {
            "name": "phpunit/phpunit-mock-objects",
            "version": "2.0.10",
            "source": {
                "type": "git",
                "url": "https://github.com/sebastianbergmann/phpunit-mock-objects.git",
                "reference": "e60bb929c50ae4237aaf680a4f6773f4ee17f0a2"
            },
            "dist": {
                "type": "zip",
                "url": "https://api.github.com/repos/sebastianbergmann/phpunit-mock-objects/zipball/e60bb929c50ae4237aaf680a4f6773f4ee17f0a2",
                "reference": "e60bb929c50ae4237aaf680a4f6773f4ee17f0a2",
                "shasum": ""
            },
            "require": {
                "php": ">=5.3.3",
                "phpunit/php-text-template": "~1.2"
            },
            "require-dev": {
                "phpunit/phpunit": ">=4.0.0,<4.1.0"
            },
            "suggest": {
                "ext-soap": "*"
            },
            "type": "library",
            "extra": {
                "branch-alias": {
                    "dev-master": "2.0.x-dev"
                }
            },
            "autoload": {
                "classmap": [
                    "src/"
                ]
            },
            "notification-url": "https://packagist.org/downloads/",
            "include-path": [
                ""
            ],
            "license": [
                "BSD-3-Clause"
            ],
            "authors": [
                {
                    "name": "Sebastian Bergmann",
                    "email": "sb@sebastian-bergmann.de",
                    "role": "lead"
                }
            ],
            "description": "Mock Object library for PHPUnit",
            "homepage": "https://github.com/sebastianbergmann/phpunit-mock-objects/",
            "keywords": [
                "mock",
                "xunit"
            ],
            "time": "2014-06-12 07:19:48"
        },
        {
            "name": "sebastian/diff",
            "version": "1.2.0",
            "source": {
                "type": "git",
                "url": "https://github.com/sebastianbergmann/diff.git",
                "reference": "5843509fed39dee4b356a306401e9dd1a931fec7"
            },
            "dist": {
                "type": "zip",
                "url": "https://api.github.com/repos/sebastianbergmann/diff/zipball/5843509fed39dee4b356a306401e9dd1a931fec7",
                "reference": "5843509fed39dee4b356a306401e9dd1a931fec7",
                "shasum": ""
            },
            "require": {
                "php": ">=5.3.3"
            },
            "require-dev": {
                "phpunit/phpunit": "~4.2"
            },
            "type": "library",
            "extra": {
                "branch-alias": {
                    "dev-master": "1.2-dev"
                }
            },
            "autoload": {
                "classmap": [
                    "src/"
                ]
            },
            "notification-url": "https://packagist.org/downloads/",
            "license": [
                "BSD-3-Clause"
            ],
            "authors": [
                {
                    "name": "Kore Nordmann",
                    "email": "mail@kore-nordmann.de"
                },
                {
                    "name": "Sebastian Bergmann",
                    "email": "sebastian@phpunit.de"
                }
            ],
            "description": "Diff implementation",
            "homepage": "http://www.github.com/sebastianbergmann/diff",
            "keywords": [
                "diff"
            ],
            "time": "2014-08-15 10:29:00"
        },
        {
            "name": "sebastian/environment",
            "version": "1.2.1",
            "source": {
                "type": "git",
                "url": "https://github.com/sebastianbergmann/environment.git",
                "reference": "6e6c71d918088c251b181ba8b3088af4ac336dd7"
            },
            "dist": {
                "type": "zip",
                "url": "https://api.github.com/repos/sebastianbergmann/environment/zipball/6e6c71d918088c251b181ba8b3088af4ac336dd7",
                "reference": "6e6c71d918088c251b181ba8b3088af4ac336dd7",
                "shasum": ""
            },
            "require": {
                "php": ">=5.3.3"
            },
            "require-dev": {
                "phpunit/phpunit": "~4.3"
            },
            "type": "library",
            "extra": {
                "branch-alias": {
                    "dev-master": "1.2.x-dev"
                }
            },
            "autoload": {
                "classmap": [
                    "src/"
                ]
            },
            "notification-url": "https://packagist.org/downloads/",
            "license": [
                "BSD-3-Clause"
            ],
            "authors": [
                {
                    "name": "Sebastian Bergmann",
                    "email": "sebastian@phpunit.de"
                }
            ],
            "description": "Provides functionality to handle HHVM/PHP environments",
            "homepage": "http://www.github.com/sebastianbergmann/environment",
            "keywords": [
                "Xdebug",
                "environment",
                "hhvm"
            ],
            "time": "2014-10-25 08:00:45"
        },
        {
            "name": "sebastian/exporter",
            "version": "1.0.2",
            "source": {
                "type": "git",
                "url": "https://github.com/sebastianbergmann/exporter.git",
                "reference": "c7d59948d6e82818e1bdff7cadb6c34710eb7dc0"
            },
            "dist": {
                "type": "zip",
                "url": "https://api.github.com/repos/sebastianbergmann/exporter/zipball/c7d59948d6e82818e1bdff7cadb6c34710eb7dc0",
                "reference": "c7d59948d6e82818e1bdff7cadb6c34710eb7dc0",
                "shasum": ""
            },
            "require": {
                "php": ">=5.3.3"
            },
            "require-dev": {
                "phpunit/phpunit": "~4.0"
            },
            "type": "library",
            "extra": {
                "branch-alias": {
                    "dev-master": "1.0.x-dev"
                }
            },
            "autoload": {
                "classmap": [
                    "src/"
                ]
            },
            "notification-url": "https://packagist.org/downloads/",
            "license": [
                "BSD-3-Clause"
            ],
            "authors": [
                {
                    "name": "Jeff Welch",
                    "email": "whatthejeff@gmail.com"
                },
                {
                    "name": "Volker Dusch",
                    "email": "github@wallbash.com"
                },
                {
                    "name": "Bernhard Schussek",
                    "email": "bschussek@2bepublished.at"
                },
                {
                    "name": "Sebastian Bergmann",
                    "email": "sebastian@phpunit.de"
                },
                {
                    "name": "Adam Harvey",
                    "email": "aharvey@php.net"
                }
            ],
            "description": "Provides the functionality to export PHP variables for visualization",
            "homepage": "http://www.github.com/sebastianbergmann/exporter",
            "keywords": [
                "export",
                "exporter"
            ],
            "time": "2014-09-10 00:51:36"
        },
        {
            "name": "sebastian/version",
            "version": "1.0.4",
            "source": {
                "type": "git",
                "url": "https://github.com/sebastianbergmann/version.git",
                "reference": "a77d9123f8e809db3fbdea15038c27a95da4058b"
            },
            "dist": {
                "type": "zip",
                "url": "https://api.github.com/repos/sebastianbergmann/version/zipball/a77d9123f8e809db3fbdea15038c27a95da4058b",
                "reference": "a77d9123f8e809db3fbdea15038c27a95da4058b",
                "shasum": ""
            },
            "type": "library",
            "autoload": {
                "classmap": [
                    "src/"
                ]
            },
            "notification-url": "https://packagist.org/downloads/",
            "license": [
                "BSD-3-Clause"
            ],
            "authors": [
                {
                    "name": "Sebastian Bergmann",
                    "email": "sebastian@phpunit.de",
                    "role": "lead"
                }
            ],
            "description": "Library that helps with managing the version number of Git-hosted PHP projects",
            "homepage": "https://github.com/sebastianbergmann/version",
            "time": "2014-12-15 14:25:24"
        },
        {
            "name": "squizlabs/php_codesniffer",
            "version": "1.5.4",
            "source": {
                "type": "git",
                "url": "https://github.com/squizlabs/PHP_CodeSniffer.git",
                "reference": "4097e2c106e4a32bc234ae880e5585a19137e435"
            },
            "dist": {
                "type": "zip",
                "url": "https://api.github.com/repos/squizlabs/PHP_CodeSniffer/zipball/4097e2c106e4a32bc234ae880e5585a19137e435",
                "reference": "4097e2c106e4a32bc234ae880e5585a19137e435",
                "shasum": ""
            },
            "require": {
                "ext-tokenizer": "*",
                "php": ">=5.1.2"
            },
            "suggest": {
                "phpunit/php-timer": "dev-master"
            },
            "bin": [
                "scripts/phpcs"
            ],
            "type": "library",
            "extra": {
                "branch-alias": {
                    "dev-phpcs-fixer": "2.0.x-dev"
                }
            },
            "autoload": {
                "classmap": [
                    "CodeSniffer.php",
                    "CodeSniffer/CLI.php",
                    "CodeSniffer/Exception.php",
                    "CodeSniffer/File.php",
                    "CodeSniffer/Report.php",
                    "CodeSniffer/Reporting.php",
                    "CodeSniffer/Sniff.php",
                    "CodeSniffer/Tokens.php",
                    "CodeSniffer/Reports/",
                    "CodeSniffer/CommentParser/",
                    "CodeSniffer/Tokenizers/",
                    "CodeSniffer/DocGenerators/",
                    "CodeSniffer/Standards/AbstractPatternSniff.php",
                    "CodeSniffer/Standards/AbstractScopeSniff.php",
                    "CodeSniffer/Standards/AbstractVariableSniff.php",
                    "CodeSniffer/Standards/IncorrectPatternException.php",
                    "CodeSniffer/Standards/Generic/Sniffs/",
                    "CodeSniffer/Standards/MySource/Sniffs/",
                    "CodeSniffer/Standards/PEAR/Sniffs/",
                    "CodeSniffer/Standards/PSR1/Sniffs/",
                    "CodeSniffer/Standards/PSR2/Sniffs/",
                    "CodeSniffer/Standards/Squiz/Sniffs/",
                    "CodeSniffer/Standards/Zend/Sniffs/"
                ]
            },
            "notification-url": "https://packagist.org/downloads/",
            "license": [
                "BSD-3-Clause"
            ],
            "authors": [
                {
                    "name": "Greg Sherwood",
                    "role": "lead"
                }
            ],
            "description": "PHP_CodeSniffer tokenises PHP, JavaScript and CSS files and detects violations of a defined set of coding standards.",
            "homepage": "http://www.squizlabs.com/php-codesniffer",
            "keywords": [
                "phpcs",
                "standards"
            ],
            "time": "2014-08-05 23:54:05"
        },
        {
            "name": "symfony/yaml",
            "version": "v2.6.1",
            "target-dir": "Symfony/Component/Yaml",
            "source": {
                "type": "git",
                "url": "https://github.com/symfony/Yaml.git",
                "reference": "3346fc090a3eb6b53d408db2903b241af51dcb20"
            },
            "dist": {
                "type": "zip",
                "url": "https://api.github.com/repos/symfony/Yaml/zipball/3346fc090a3eb6b53d408db2903b241af51dcb20",
                "reference": "3346fc090a3eb6b53d408db2903b241af51dcb20",
                "shasum": ""
            },
            "require": {
                "php": ">=5.3.3"
            },
            "type": "library",
            "extra": {
                "branch-alias": {
                    "dev-master": "2.6-dev"
                }
            },
            "autoload": {
                "psr-0": {
                    "Symfony\\Component\\Yaml\\": ""
                }
            },
            "notification-url": "https://packagist.org/downloads/",
            "license": [
                "MIT"
            ],
            "authors": [
                {
                    "name": "Symfony Community",
                    "homepage": "http://symfony.com/contributors"
                },
                {
                    "name": "Fabien Potencier",
                    "email": "fabien@symfony.com"
                }
            ],
            "description": "Symfony Yaml Component",
            "homepage": "http://symfony.com",
            "time": "2014-12-02 20:19:20"
        }
    ],
    "aliases": [],
    "minimum-stability": "stable",
    "stability-flags": {
        "roave/security-advisories": 20,
        "phpunit/dbunit": 20
    },
    "prefer-stable": false,
    "prefer-lowest": false,
    "platform": {
        "php": ">=5.4"
    },
    "platform-dev": []
}
